
Microsoft Visual Studio Solution File, Format Version 12.00
# Visual Studio Version 17
VisualStudioVersion = 17.12.35527.113 d17.12
MinimumVisualStudioVersion = 10.0.40219.1
Project("{FAE04EC0-301F-11D3-BF4B-00C04F79EFBC}") = "Ef Core Assignment1", "Ef Core Assignment1\Ef Core Assignment1.csproj", "{24E1A8E3-9094-4958-BEF6-45C7CA321778}"
EndProject
Global
	GlobalSection(SolutionConfigurationPlatforms) = preSolution
		Debug|Any CPU = Debug|Any CPU
		Release|Any CPU = Release|Any CPU
	EndGlobalSection
	GlobalSection(ProjectConfigurationPlatforms) = postSolution
		{24E1A8E3-9094-4958-BEF6-45C7CA321778}.Debug|Any CPU.ActiveCfg = Debug|Any CPU
		{24E1A8E3-9094-4958-BEF6-45C7CA321778}.Debug|Any CPU.Build.0 = Debug|Any CPU
		{24E1A8E3-9094-4958-BEF6-45C7CA321778}.Release|Any CPU.ActiveCfg = Release|Any CPU
		{24E1A8E3-9094-4958-BEF6-45C7CA321778}.Release|Any CPU.Build.0 = Release|Any CPU
	EndGlobalSection
	GlobalSection(SolutionProperties) = preSolution
		HideSolutionNode = FALSE
	EndGlobalSection
EndGlobal
